
Microsoft Visual Studio Solution File, Format Version 12.00
# Visual Studio 2013
VisualStudioVersion = 12.0.40629.0
MinimumVisualStudioVersion = 10.0.40219.1
Project("{FAE04EC0-301F-11D3-BF4B-00C04F79EFBC}") = "SquareCalculatorLib", "SquareCalculatorLib\SquareCalculatorLib.csproj", "{A53D6D5B-15CB-4E3A-832D-44FBDBE69BDA}"
EndProject
Project("{FAE04EC0-301F-11D3-BF4B-00C04F79EFBC}") = "SquareCalculatorLibTest", "SquareCalculatorLibTest\SquareCalculatorLibTest.csproj", "{BF408ACC-6210-42FF-BA65-F591F8CCF09B}"
EndProject
Global
	GlobalSection(SolutionConfigurationPlatforms) = preSolution
		Debug|Any CPU = Debug|Any CPU
		Release|Any CPU = Release|Any CPU
	EndGlobalSection
	GlobalSection(ProjectConfigurationPlatforms) = postSolution
		{A53D6D5B-15CB-4E3A-832D-44FBDBE69BDA}.Debug|Any CPU.ActiveCfg = Debug|Any CPU
		{A53D6D5B-15CB-4E3A-832D-44FBDBE69BDA}.Debug|Any CPU.Build.0 = Debug|Any CPU
		{A53D6D5B-15CB-4E3A-832D-44FBDBE69BDA}.Release|Any CPU.ActiveCfg = Release|Any CPU
		{A53D6D5B-15CB-4E3A-832D-44FBDBE69BDA}.Release|Any CPU.Build.0 = Release|Any CPU
		{BF408ACC-6210-42FF-BA65-F591F8CCF09B}.Debug|Any CPU.ActiveCfg = Debug|Any CPU
		{BF408ACC-6210-42FF-BA65-F591F8CCF09B}.Debug|Any CPU.Build.0 = Debug|Any CPU
		{BF408ACC-6210-42FF-BA65-F591F8CCF09B}.Release|Any CPU.ActiveCfg = Release|Any CPU
		{BF408ACC-6210-42FF-BA65-F591F8CCF09B}.Release|Any CPU.Build.0 = Release|Any CPU
	EndGlobalSection
	GlobalSection(SolutionProperties) = preSolution
		HideSolutionNode = FALSE
	EndGlobalSection
EndGlobal
